
Microsoft Visual Studio Solution File, Format Version 12.00
# Visual Studio Version 16
VisualStudioVersion = 16.0.30907.101
MinimumVisualStudioVersion = 10.0.40219.1
Project("{FAE04EC0-301F-11D3-BF4B-00C04F79EFBC}") = "CommentWebApp", "CommentWebApp.csproj", "{4C75B407-C0B3-4C2E-A819-FC897B70E4C8}"
EndProject
Global
	GlobalSection(SolutionConfigurationPlatforms) = preSolution
		Debug|Any CPU = Debug|Any CPU
		Release|Any CPU = Release|Any CPU
	EndGlobalSection
	GlobalSection(ProjectConfigurationPlatforms) = postSolution
		{4C75B407-C0B3-4C2E-A819-FC897B70E4C8}.Debug|Any CPU.ActiveCfg = Debug|Any CPU
		{4C75B407-C0B3-4C2E-A819-FC897B70E4C8}.Debug|Any CPU.Build.0 = Debug|Any CPU
		{4C75B407-C0B3-4C2E-A819-FC897B70E4C8}.Release|Any CPU.ActiveCfg = Release|Any CPU
		{4C75B407-C0B3-4C2E-A819-FC897B70E4C8}.Release|Any CPU.Build.0 = Release|Any CPU
	EndGlobalSection
	GlobalSection(SolutionProperties) = preSolution
		HideSolutionNode = FALSE
	EndGlobalSection
	GlobalSection(ExtensibilityGlobals) = postSolution
		SolutionGuid = {A8F1DEA1-E520-43D2-AE91-C3E34AD4F290}
	EndGlobalSection
EndGlobal
